
Microsoft Visual Studio Solution File, Format Version 12.00
# Visual Studio Version 16
VisualStudioVersion = 16.0.30517.126
MinimumVisualStudioVersion = 10.0.40219.1
Project("{9A19103F-16F7-4668-BE54-9A1E7A4F7556}") = "ControlFlow", "ControlFlow\ControlFlow.csproj", "{360A0BBA-DE36-4290-8661-B63655EB0722}"
EndProject
Project("{9A19103F-16F7-4668-BE54-9A1E7A4F7556}") = "WhenWereYouBorn", "WhenWereYouBorn\WhenWereYouBorn.csproj", "{E6096569-0189-4F01-B2E7-2F1436DA7CD2}"
EndProject
Project("{9A19103F-16F7-4668-BE54-9A1E7A4F7556}") = "DrivingLicense", "DrivingLicense\DrivingLicense.csproj", "{E20F6818-9164-4C44-A681-07BCC23A0462}"
EndProject
Project("{FAE04EC0-301F-11D3-BF4B-00C04F79EFBC}") = "PositiveNegative", "PositiveNegative\PositiveNegative.csproj", "{9586E592-7D03-4184-903B-31AFB71716F8}"
EndProject
Global
	GlobalSection(SolutionConfigurationPlatforms) = preSolution
		Debug|Any CPU = Debug|Any CPU
		Release|Any CPU = Release|Any CPU
	EndGlobalSection
	GlobalSection(ProjectConfigurationPlatforms) = postSolution
		{360A0BBA-DE36-4290-8661-B63655EB0722}.Debug|Any CPU.ActiveCfg = Debug|Any CPU
		{360A0BBA-DE36-4290-8661-B63655EB0722}.Debug|Any CPU.Build.0 = Debug|Any CPU
		{360A0BBA-DE36-4290-8661-B63655EB0722}.Release|Any CPU.ActiveCfg = Release|Any CPU
		{360A0BBA-DE36-4290-8661-B63655EB0722}.Release|Any CPU.Build.0 = Release|Any CPU
		{E6096569-0189-4F01-B2E7-2F1436DA7CD2}.Debug|Any CPU.ActiveCfg = Debug|Any CPU
		{E6096569-0189-4F01-B2E7-2F1436DA7CD2}.Debug|Any CPU.Build.0 = Debug|Any CPU
		{E6096569-0189-4F01-B2E7-2F1436DA7CD2}.Release|Any CPU.ActiveCfg = Release|Any CPU
		{E6096569-0189-4F01-B2E7-2F1436DA7CD2}.Release|Any CPU.Build.0 = Release|Any CPU
		{E20F6818-9164-4C44-A681-07BCC23A0462}.Debug|Any CPU.ActiveCfg = Debug|Any CPU
		{E20F6818-9164-4C44-A681-07BCC23A0462}.Debug|Any CPU.Build.0 = Debug|Any CPU
		{E20F6818-9164-4C44-A681-07BCC23A0462}.Release|Any CPU.ActiveCfg = Release|Any CPU
		{E20F6818-9164-4C44-A681-07BCC23A0462}.Release|Any CPU.Build.0 = Release|Any CPU
		{9586E592-7D03-4184-903B-31AFB71716F8}.Debug|Any CPU.ActiveCfg = Debug|Any CPU
		{9586E592-7D03-4184-903B-31AFB71716F8}.Debug|Any CPU.Build.0 = Debug|Any CPU
		{9586E592-7D03-4184-903B-31AFB71716F8}.Release|Any CPU.ActiveCfg = Release|Any CPU
		{9586E592-7D03-4184-903B-31AFB71716F8}.Release|Any CPU.Build.0 = Release|Any CPU
	EndGlobalSection
	GlobalSection(SolutionProperties) = preSolution
		HideSolutionNode = FALSE
	EndGlobalSection
	GlobalSection(ExtensibilityGlobals) = postSolution
		SolutionGuid = {ADDC8C51-9ADF-4FD3-A454-4CE533C32CA5}
	EndGlobalSection
EndGlobal
